
Microsoft Visual Studio Solution File, Format Version 12.00
# Visual Studio Version 17
VisualStudioVersion = 17.13.35825.156 d17.13
MinimumVisualStudioVersion = 10.0.40219.1
Project("{FAE04EC0-301F-11D3-BF4B-00C04F79EFBC}") = "dbsd_cw2_00017747", "dbsd_cw2_00017747.csproj", "{5BAC7CF1-2B92-4399-8B2D-B5ACB6DF5CFE}"
EndProject
Global
	GlobalSection(SolutionConfigurationPlatforms) = preSolution
		Debug|Any CPU = Debug|Any CPU
		Release|Any CPU = Release|Any CPU
	EndGlobalSection
	GlobalSection(ProjectConfigurationPlatforms) = postSolution
		{5BAC7CF1-2B92-4399-8B2D-B5ACB6DF5CFE}.Debug|Any CPU.ActiveCfg = Debug|Any CPU
		{5BAC7CF1-2B92-4399-8B2D-B5ACB6DF5CFE}.Debug|Any CPU.Build.0 = Debug|Any CPU
		{5BAC7CF1-2B92-4399-8B2D-B5ACB6DF5CFE}.Release|Any CPU.ActiveCfg = Release|Any CPU
		{5BAC7CF1-2B92-4399-8B2D-B5ACB6DF5CFE}.Release|Any CPU.Build.0 = Release|Any CPU
	EndGlobalSection
	GlobalSection(SolutionProperties) = preSolution
		HideSolutionNode = FALSE
	EndGlobalSection
	GlobalSection(ExtensibilityGlobals) = postSolution
		SolutionGuid = {C327F823-63BE-4E20-8303-7F4CFC410205}
	EndGlobalSection
EndGlobal
